
Microsoft Visual Studio Solution File, Format Version 12.00
# Visual Studio Version 17
VisualStudioVersion = 17.7.34031.279
MinimumVisualStudioVersion = 10.0.40219.1
Project("{FAE04EC0-301F-11D3-BF4B-00C04F79EFBC}") = "lab10p01", "lab10p01\lab10p01.csproj", "{D0D0BA31-0945-41A2-B38B-03AB362CA256}"
EndProject
Global
	GlobalSection(SolutionConfigurationPlatforms) = preSolution
		Debug|Any CPU = Debug|Any CPU
		Release|Any CPU = Release|Any CPU
	EndGlobalSection
	GlobalSection(ProjectConfigurationPlatforms) = postSolution
		{D0D0BA31-0945-41A2-B38B-03AB362CA256}.Debug|Any CPU.ActiveCfg = Debug|Any CPU
		{D0D0BA31-0945-41A2-B38B-03AB362CA256}.Debug|Any CPU.Build.0 = Debug|Any CPU
		{D0D0BA31-0945-41A2-B38B-03AB362CA256}.Release|Any CPU.ActiveCfg = Release|Any CPU
		{D0D0BA31-0945-41A2-B38B-03AB362CA256}.Release|Any CPU.Build.0 = Release|Any CPU
	EndGlobalSection
	GlobalSection(SolutionProperties) = preSolution
		HideSolutionNode = FALSE
	EndGlobalSection
	GlobalSection(ExtensibilityGlobals) = postSolution
		SolutionGuid = {0145990D-2645-442A-A0A4-499051E2AA01}
	EndGlobalSection
EndGlobal
